{
  "name": "brute-seco",
  "version": "1.0.0",
  "lockfileVersion": 1,
  "requires": true,
  "dependencies": {
    "fs-extra": {
      "version": "5.0.0",
      "resolved": "https://registry.npmjs.org/fs-extra/-/fs-extra-5.0.0.tgz",
      "integrity": "sha512-66Pm4RYbjzdyeuqudYqhFiNBbCIuI9kgRqLPSHIlXHidW8NIQtVdkM1yeZ4lXwuhbTETv3EUGMNHAAw6hiundQ==",
      "requires": {
        "graceful-fs": "^4.1.2",
        "jsonfile": "^4.0.0",
        "universalify": "^0.1.0"
      }
    },
    "graceful-fs": {
      "version": "4.1.11",
      "resolved": "https://registry.npmjs.org/graceful-fs/-/graceful-fs-4.1.11.tgz",
      "integrity": "sha1-Dovf5NHduIVNZOBOp8AOKgJuVlg="
    },
    "int53": {
      "version": "0.2.4",
      "resolved": "https://registry.npmjs.org/int53/-/int53-0.2.4.tgz",
      "integrity": "sha1-XtjXqtbFxlZ8rmmqf/xKEJ7oD4Y="
    },
    "jsonfile": {
      "version": "4.0.0",
      "resolved": "https://registry.npmjs.org/jsonfile/-/jsonfile-4.0.0.tgz",
      "integrity": "sha1-h3Gq4HmbZAdrdmQPygWPnBDjPss=",
      "requires": {
        "graceful-fs": "^4.1.6"
      }
    },
    "scryptsy": {
      "version": "2.0.0",
      "resolved": "https://registry.npmjs.org/scryptsy/-/scryptsy-2.0.0.tgz",
      "integrity": "sha1-Jiw28CMc+nZU4jY/o5TNLexm83g="
    },
    "seco-file": {
      "version": "1.2.0",
      "resolved": "https://registry.npmjs.org/seco-file/-/seco-file-1.2.0.tgz",
      "integrity": "sha512-awWsdAzxIo0qwSkJHvOHSjkkG/iKS/ar7EkTJTAqsoEfLS9sJ0gG2NK4y0oWDvmfT7Eql4SqU2kVUbSrH9XLxw==",
      "requires": {
        "fs-extra": "^5.0.0",
        "secure-container": "^1.0.0"
      }
    },
    "secure-container": {
      "version": "1.0.0",
      "resolved": "https://registry.npmjs.org/secure-container/-/secure-container-1.0.0.tgz",
      "integrity": "sha1-lCFPcn24BN6V+ednRmMcmhwgpl0=",
      "requires": {
        "scryptsy": "^2.0.0",
        "varstruct": "^5.2.0"
      }
    },
    "universalify": {
      "version": "0.1.2",
      "resolved": "https://registry.npmjs.org/universalify/-/universalify-0.1.2.tgz",
      "integrity": "sha512-rBJeI5CXAlmy1pV+617WB9J63U6XcazHHF2f2dbJix4XzpUF0RS3Zbj0FGIOCAva5P/d/GBOYaACQ1w+0azUkg=="
    },
    "varstruct": {
      "version": "5.3.0",
      "resolved": "http://registry.npmjs.org/varstruct/-/varstruct-5.3.0.tgz",
      "integrity": "sha1-1RtT4gMW0K/dtUz3yt6JTmKPHLU=",
      "requires": {
        "int53": "^0.2.4"
      }
    }
  }
}
